{
  "lockfileVersion": 1,
  "configVersion": 1,
  "workspaces": {
    "": {
      "name": "cf-kv-api",
      "dependencies": {
        "@hono/swagger-ui": "^0.4.1",
        "@hono/zod-openapi": "^0.16.4",
        "@hono/zod-validator": "^0.4.1",
        "hono": "^4.6.14",
        "zod": "^3.23.8",
      },
      "devDependencies": {
        "@types/bun": "latest",
        "typescript": "^5.7.2",
      },
    },
  },
  "packages": {
    "@asteasolutions/zod-to-openapi": ["@asteasolutions/zod-to-openapi@7.3.4", "https://registry.npmmirror.com/@asteasolutions/zod-to-openapi/-/zod-to-openapi-7.3.4.tgz", { "dependencies": { "openapi3-ts": "^4.1.2" }, "peerDependencies": { "zod": "^3.20.2" } }, "sha512-/2rThQ5zPi9OzVwes6U7lK1+Yvug0iXu25olp7S0XsYmOqnyMfxH7gdSQjn/+DSOHRg7wnotwGJSyL+fBKdnEA=="],

    "@hono/swagger-ui": ["@hono/swagger-ui@0.4.1", "https://registry.npmmirror.com/@hono/swagger-ui/-/swagger-ui-0.4.1.tgz", { "peerDependencies": { "hono": "*" } }, "sha512-kPaJatHffeYQ3yVkHo878hCqwfapqx54FczJVJ+eRWt8J4biyVVMIdCAJb6MyA8bcnHUoTmUpPc7OJAV1VTg2g=="],

    "@hono/zod-openapi": ["@hono/zod-openapi@0.16.4", "https://registry.npmmirror.com/@hono/zod-openapi/-/zod-openapi-0.16.4.tgz", { "dependencies": { "@asteasolutions/zod-to-openapi": "^7.1.0", "@hono/zod-validator": "0.3.0" }, "peerDependencies": { "hono": ">=4.3.6", "zod": "3.*" } }, "sha512-mnF6GthBaKex0D5PsY/4lYNtkaGJNE38bjeUI//EUqq7Ee4TNm2su35IUiFH4HcmJp5fWYMLyOJOpjnkClzEGw=="],

    "@hono/zod-validator": ["@hono/zod-validator@0.4.3", "https://registry.npmmirror.com/@hono/zod-validator/-/zod-validator-0.4.3.tgz", { "peerDependencies": { "hono": ">=3.9.0", "zod": "^3.19.1" } }, "sha512-xIgMYXDyJ4Hj6ekm9T9Y27s080Nl9NXHcJkOvkXPhubOLj8hZkOL8pDnnXfvCf5xEE8Q4oMFenQUZZREUY2gqQ=="],

    "@types/bun": ["@types/bun@1.3.9", "https://registry.npmmirror.com/@types/bun/-/bun-1.3.9.tgz", { "dependencies": { "bun-types": "1.3.9" } }, "sha512-KQ571yULOdWJiMH+RIWIOZ7B2RXQGpL1YQrBtLIV3FqDcCu6FsbFUBwhdKUlCKUpS3PJDsHlJ1QKlpxoVR+xtw=="],

    "@types/node": ["@types/node@25.2.3", "https://registry.npmmirror.com/@types/node/-/node-25.2.3.tgz", { "dependencies": { "undici-types": "~7.16.0" } }, "sha512-m0jEgYlYz+mDJZ2+F4v8D1AyQb+QzsNqRuI7xg1VQX/KlKS0qT9r1Mo16yo5F/MtifXFgaofIFsdFMox2SxIbQ=="],

    "bun-types": ["bun-types@1.3.9", "https://registry.npmmirror.com/bun-types/-/bun-types-1.3.9.tgz", { "dependencies": { "@types/node": "*" } }, "sha512-+UBWWOakIP4Tswh0Bt0QD0alpTY8cb5hvgiYeWCMet9YukHbzuruIEeXC2D7nMJPB12kbh8C7XJykSexEqGKJg=="],

    "hono": ["hono@4.11.9", "https://registry.npmmirror.com/hono/-/hono-4.11.9.tgz", {}, "sha512-Eaw2YTGM6WOxA6CXbckaEvslr2Ne4NFsKrvc0v97JD5awbmeBLO5w9Ho9L9kmKonrwF9RJlW6BxT1PVv/agBHQ=="],

    "openapi3-ts": ["openapi3-ts@4.5.0", "https://registry.npmmirror.com/openapi3-ts/-/openapi3-ts-4.5.0.tgz", { "dependencies": { "yaml": "^2.8.0" } }, "sha512-jaL+HgTq2Gj5jRcfdutgRGLosCy/hT8sQf6VOy+P+g36cZOjI1iukdPnijC+4CmeRzg/jEllJUboEic2FhxhtQ=="],

    "typescript": ["typescript@5.9.3", "https://registry.npmmirror.com/typescript/-/typescript-5.9.3.tgz", { "bin": { "tsc": "bin/tsc", "tsserver": "bin/tsserver" } }, "sha512-jl1vZzPDinLr9eUt3J/t7V6FgNEw9QjvBPdysz9KfQDD41fQrC2Y4vKQdiaUpFT4bXlb1RHhLpp8wtm6M5TgSw=="],

    "undici-types": ["undici-types@7.16.0", "https://registry.npmmirror.com/undici-types/-/undici-types-7.16.0.tgz", {}, "sha512-Zz+aZWSj8LE6zoxD+xrjh4VfkIG8Ya6LvYkZqtUQGJPZjYl53ypCaUwWqo7eI0x66KBGeRo+mlBEkMSeSZ38Nw=="],

    "yaml": ["yaml@2.8.2", "https://registry.npmmirror.com/yaml/-/yaml-2.8.2.tgz", { "bin": { "yaml": "bin.mjs" } }, "sha512-mplynKqc1C2hTVYxd0PU2xQAc22TI1vShAYGksCCfxbn/dFwnHTNi1bvYsBTkhdUNtGIf5xNOg938rrSSYvS9A=="],

    "zod": ["zod@3.25.76", "https://registry.npmmirror.com/zod/-/zod-3.25.76.tgz", {}, "sha512-gzUt/qt81nXsFGKIFcC3YnfEAx5NkunCfnDlvuBSSFS02bcXu4Lmea0AFIUwbLWxWPx3d9p8S5QoaujKcNQxcQ=="],

    "@hono/zod-openapi/@hono/zod-validator": ["@hono/zod-validator@0.3.0", "https://registry.npmmirror.com/@hono/zod-validator/-/zod-validator-0.3.0.tgz", { "peerDependencies": { "hono": ">=3.9.0", "zod": "^3.19.1" } }, "sha512-7XcTk3yYyk6ldrO/VuqsroE7stvDZxHJQcpATRAyha8rUxJNBPV3+6waDrARfgEqxOVlzIadm3/6sE/dPseXgQ=="],
  }
}
